
Microsoft Visual Studio Solution File, Format Version 12.00
# Visual Studio Version 18
VisualStudioVersion = 18.0.11111.16 d18.0
MinimumVisualStudioVersion = 10.0.40219.1
Project("{FAE04EC0-301F-11D3-BF4B-00C04F79EFBC}") = "Tilith.Host", "Tilith.Host\Tilith.Host.csproj", "{F31621AF-FF80-44EE-9213-4430CC6B4427}"
EndProject
Project("{FAE04EC0-301F-11D3-BF4B-00C04F79EFBC}") = "Tilith.Core", "Tilith.Core\Tilith.Core.csproj", "{5620894F-7D61-4C77-B63E-85E3DAC40572}"
EndProject
Project("{FAE04EC0-301F-11D3-BF4B-00C04F79EFBC}") = "Tilith.Bot", "Tilith.Bot\Tilith.Bot.csproj", "{ADA99B00-3BC1-4798-87B3-BD13314D0B15}"
EndProject
Project("{FAE04EC0-301F-11D3-BF4B-00C04F79EFBC}") = "Tilith.Api", "Tilith.Api\Tilith.Api.csproj", "{B678580F-675B-42C8-B2B3-3B9509CD9E37}"
EndProject
Global
	GlobalSection(SolutionConfigurationPlatforms) = preSolution
		Debug|Any CPU = Debug|Any CPU
		Release|Any CPU = Release|Any CPU
	EndGlobalSection
	GlobalSection(ProjectConfigurationPlatforms) = postSolution
		{F31621AF-FF80-44EE-9213-4430CC6B4427}.Debug|Any CPU.ActiveCfg = Debug|Any CPU
		{F31621AF-FF80-44EE-9213-4430CC6B4427}.Debug|Any CPU.Build.0 = Debug|Any CPU
		{F31621AF-FF80-44EE-9213-4430CC6B4427}.Release|Any CPU.ActiveCfg = Release|Any CPU
		{F31621AF-FF80-44EE-9213-4430CC6B4427}.Release|Any CPU.Build.0 = Release|Any CPU
		{5620894F-7D61-4C77-B63E-85E3DAC40572}.Debug|Any CPU.ActiveCfg = Debug|Any CPU
		{5620894F-7D61-4C77-B63E-85E3DAC40572}.Debug|Any CPU.Build.0 = Debug|Any CPU
		{5620894F-7D61-4C77-B63E-85E3DAC40572}.Release|Any CPU.ActiveCfg = Release|Any CPU
		{5620894F-7D61-4C77-B63E-85E3DAC40572}.Release|Any CPU.Build.0 = Release|Any CPU
		{ADA99B00-3BC1-4798-87B3-BD13314D0B15}.Debug|Any CPU.ActiveCfg = Debug|Any CPU
		{ADA99B00-3BC1-4798-87B3-BD13314D0B15}.Debug|Any CPU.Build.0 = Debug|Any CPU
		{ADA99B00-3BC1-4798-87B3-BD13314D0B15}.Release|Any CPU.ActiveCfg = Release|Any CPU
		{ADA99B00-3BC1-4798-87B3-BD13314D0B15}.Release|Any CPU.Build.0 = Release|Any CPU
		{B678580F-675B-42C8-B2B3-3B9509CD9E37}.Debug|Any CPU.ActiveCfg = Debug|Any CPU
		{B678580F-675B-42C8-B2B3-3B9509CD9E37}.Debug|Any CPU.Build.0 = Debug|Any CPU
		{B678580F-675B-42C8-B2B3-3B9509CD9E37}.Release|Any CPU.ActiveCfg = Release|Any CPU
		{B678580F-675B-42C8-B2B3-3B9509CD9E37}.Release|Any CPU.Build.0 = Release|Any CPU
	EndGlobalSection
	GlobalSection(SolutionProperties) = preSolution
		HideSolutionNode = FALSE
	EndGlobalSection
	GlobalSection(ExtensibilityGlobals) = postSolution
		SolutionGuid = {A098668C-7E82-4DF6-8657-CC87363664B2}
	EndGlobalSection
EndGlobal
